
Microsoft Visual Studio Solution File, Format Version 12.00
# Visual Studio Version 17
VisualStudioVersion = 17.0.32126.317
MinimumVisualStudioVersion = 10.0.40219.1
Project("{FAE04EC0-301F-11D3-BF4B-00C04F79EFBC}") = "T6 (s.16)", "T6 (s.16)\T6 (s.16).csproj", "{39BAA1F6-A310-4D45-B034-F537865434D2}"
EndProject
Global
	GlobalSection(SolutionConfigurationPlatforms) = preSolution
		Debug|Any CPU = Debug|Any CPU
		Release|Any CPU = Release|Any CPU
	EndGlobalSection
	GlobalSection(ProjectConfigurationPlatforms) = postSolution
		{39BAA1F6-A310-4D45-B034-F537865434D2}.Debug|Any CPU.ActiveCfg = Debug|Any CPU
		{39BAA1F6-A310-4D45-B034-F537865434D2}.Debug|Any CPU.Build.0 = Debug|Any CPU
		{39BAA1F6-A310-4D45-B034-F537865434D2}.Release|Any CPU.ActiveCfg = Release|Any CPU
		{39BAA1F6-A310-4D45-B034-F537865434D2}.Release|Any CPU.Build.0 = Release|Any CPU
	EndGlobalSection
	GlobalSection(SolutionProperties) = preSolution
		HideSolutionNode = FALSE
	EndGlobalSection
	GlobalSection(ExtensibilityGlobals) = postSolution
		SolutionGuid = {FE2A8689-4F5A-4DAC-8C08-886D48DA85C2}
	EndGlobalSection
EndGlobal
