
Microsoft Visual Studio Solution File, Format Version 12.00
# Visual Studio Version 17
VisualStudioVersion = 17.0.32126.317
MinimumVisualStudioVersion = 10.0.40219.1
Project("{FAE04EC0-301F-11D3-BF4B-00C04F79EFBC}") = "T9(s.16)", "T9(s.16)\T9(s.16).csproj", "{EE400D0D-AA5C-4CAA-BD6A-9001817519EE}"
EndProject
Global
	GlobalSection(SolutionConfigurationPlatforms) = preSolution
		Debug|Any CPU = Debug|Any CPU
		Release|Any CPU = Release|Any CPU
	EndGlobalSection
	GlobalSection(ProjectConfigurationPlatforms) = postSolution
		{EE400D0D-AA5C-4CAA-BD6A-9001817519EE}.Debug|Any CPU.ActiveCfg = Debug|Any CPU
		{EE400D0D-AA5C-4CAA-BD6A-9001817519EE}.Debug|Any CPU.Build.0 = Debug|Any CPU
		{EE400D0D-AA5C-4CAA-BD6A-9001817519EE}.Release|Any CPU.ActiveCfg = Release|Any CPU
		{EE400D0D-AA5C-4CAA-BD6A-9001817519EE}.Release|Any CPU.Build.0 = Release|Any CPU
	EndGlobalSection
	GlobalSection(SolutionProperties) = preSolution
		HideSolutionNode = FALSE
	EndGlobalSection
	GlobalSection(ExtensibilityGlobals) = postSolution
		SolutionGuid = {1ADE9D59-0414-444C-BD8B-13AFFED95586}
	EndGlobalSection
EndGlobal
