
Microsoft Visual Studio Solution File, Format Version 12.00
# Visual Studio Version 17
VisualStudioVersion = 17.1.32210.238
MinimumVisualStudioVersion = 10.0.40219.1
Project("{FAE04EC0-301F-11D3-BF4B-00C04F79EFBC}") = "Ajastin", "Ajastin\Ajastin.csproj", "{F068816E-9911-4548-B1C7-F51855E6AA7E}"
EndProject
Global
	GlobalSection(SolutionConfigurationPlatforms) = preSolution
		Debug|Any CPU = Debug|Any CPU
		Release|Any CPU = Release|Any CPU
	EndGlobalSection
	GlobalSection(ProjectConfigurationPlatforms) = postSolution
		{F068816E-9911-4548-B1C7-F51855E6AA7E}.Debug|Any CPU.ActiveCfg = Debug|Any CPU
		{F068816E-9911-4548-B1C7-F51855E6AA7E}.Debug|Any CPU.Build.0 = Debug|Any CPU
		{F068816E-9911-4548-B1C7-F51855E6AA7E}.Release|Any CPU.ActiveCfg = Release|Any CPU
		{F068816E-9911-4548-B1C7-F51855E6AA7E}.Release|Any CPU.Build.0 = Release|Any CPU
	EndGlobalSection
	GlobalSection(SolutionProperties) = preSolution
		HideSolutionNode = FALSE
	EndGlobalSection
	GlobalSection(ExtensibilityGlobals) = postSolution
		SolutionGuid = {C94983D2-6DF5-494F-BC23-D78F75E34C0F}
	EndGlobalSection
EndGlobal
