
Microsoft Visual Studio Solution File, Format Version 12.00
# Visual Studio Version 17
VisualStudioVersion = 17.0.32126.317
MinimumVisualStudioVersion = 10.0.40219.1
Project("{FAE04EC0-301F-11D3-BF4B-00C04F79EFBC}") = "tehtävä 6(s.24)", "tehtävä 6(s.24)\tehtävä 6(s.24).csproj", "{DFE4963B-8889-403E-9431-742799735DDA}"
EndProject
Global
	GlobalSection(SolutionConfigurationPlatforms) = preSolution
		Debug|Any CPU = Debug|Any CPU
		Release|Any CPU = Release|Any CPU
	EndGlobalSection
	GlobalSection(ProjectConfigurationPlatforms) = postSolution
		{DFE4963B-8889-403E-9431-742799735DDA}.Debug|Any CPU.ActiveCfg = Debug|Any CPU
		{DFE4963B-8889-403E-9431-742799735DDA}.Debug|Any CPU.Build.0 = Debug|Any CPU
		{DFE4963B-8889-403E-9431-742799735DDA}.Release|Any CPU.ActiveCfg = Release|Any CPU
		{DFE4963B-8889-403E-9431-742799735DDA}.Release|Any CPU.Build.0 = Release|Any CPU
	EndGlobalSection
	GlobalSection(SolutionProperties) = preSolution
		HideSolutionNode = FALSE
	EndGlobalSection
	GlobalSection(ExtensibilityGlobals) = postSolution
		SolutionGuid = {E1141EE6-69D7-4A42-BBD4-0CECFAB0779A}
	EndGlobalSection
EndGlobal
