
Microsoft Visual Studio Solution File, Format Version 12.00
# Visual Studio Version 17
VisualStudioVersion = 17.1.32210.238
MinimumVisualStudioVersion = 10.0.40219.1
Project("{FAE04EC0-301F-11D3-BF4B-00C04F79EFBC}") = "BMI-Laskuri", "BMI-Laskuri\BMI-Laskuri.csproj", "{27989EB3-D68E-4B89-BB88-DC40044CA442}"
EndProject
Global
	GlobalSection(SolutionConfigurationPlatforms) = preSolution
		Debug|Any CPU = Debug|Any CPU
		Release|Any CPU = Release|Any CPU
	EndGlobalSection
	GlobalSection(ProjectConfigurationPlatforms) = postSolution
		{27989EB3-D68E-4B89-BB88-DC40044CA442}.Debug|Any CPU.ActiveCfg = Debug|Any CPU
		{27989EB3-D68E-4B89-BB88-DC40044CA442}.Debug|Any CPU.Build.0 = Debug|Any CPU
		{27989EB3-D68E-4B89-BB88-DC40044CA442}.Release|Any CPU.ActiveCfg = Release|Any CPU
		{27989EB3-D68E-4B89-BB88-DC40044CA442}.Release|Any CPU.Build.0 = Release|Any CPU
	EndGlobalSection
	GlobalSection(SolutionProperties) = preSolution
		HideSolutionNode = FALSE
	EndGlobalSection
	GlobalSection(ExtensibilityGlobals) = postSolution
		SolutionGuid = {EC74AE29-9644-4B34-ADEA-49D6DBD2DF8A}
	EndGlobalSection
EndGlobal
