
Microsoft Visual Studio Solution File, Format Version 12.00
# Visual Studio Version 17
VisualStudioVersion = 17.1.32210.238
MinimumVisualStudioVersion = 10.0.40219.1
Project("{FAE04EC0-301F-11D3-BF4B-00C04F79EFBC}") = "Kysymys_peli", "Kysymys_peli\Kysymys_peli.csproj", "{D399054E-D33B-4178-A182-0145BCD8705D}"
EndProject
Global
	GlobalSection(SolutionConfigurationPlatforms) = preSolution
		Debug|Any CPU = Debug|Any CPU
		Release|Any CPU = Release|Any CPU
	EndGlobalSection
	GlobalSection(ProjectConfigurationPlatforms) = postSolution
		{D399054E-D33B-4178-A182-0145BCD8705D}.Debug|Any CPU.ActiveCfg = Debug|Any CPU
		{D399054E-D33B-4178-A182-0145BCD8705D}.Debug|Any CPU.Build.0 = Debug|Any CPU
		{D399054E-D33B-4178-A182-0145BCD8705D}.Release|Any CPU.ActiveCfg = Release|Any CPU
		{D399054E-D33B-4178-A182-0145BCD8705D}.Release|Any CPU.Build.0 = Release|Any CPU
	EndGlobalSection
	GlobalSection(SolutionProperties) = preSolution
		HideSolutionNode = FALSE
	EndGlobalSection
	GlobalSection(ExtensibilityGlobals) = postSolution
		SolutionGuid = {CC0649CB-531D-413C-A491-68969AD8DB6E}
	EndGlobalSection
EndGlobal
