
Microsoft Visual Studio Solution File, Format Version 12.00
# Visual Studio Version 17
VisualStudioVersion = 17.0.32126.317
MinimumVisualStudioVersion = 10.0.40219.1
Project("{FAE04EC0-301F-11D3-BF4B-00C04F79EFBC}") = "Tehtävä 4 (s16)", "Tehtävä 4 (s16)\Tehtävä 4 (s16).csproj", "{CC5BF9F6-26D5-4699-AC0E-69659D63114A}"
EndProject
Global
	GlobalSection(SolutionConfigurationPlatforms) = preSolution
		Debug|Any CPU = Debug|Any CPU
		Release|Any CPU = Release|Any CPU
	EndGlobalSection
	GlobalSection(ProjectConfigurationPlatforms) = postSolution
		{CC5BF9F6-26D5-4699-AC0E-69659D63114A}.Debug|Any CPU.ActiveCfg = Debug|Any CPU
		{CC5BF9F6-26D5-4699-AC0E-69659D63114A}.Debug|Any CPU.Build.0 = Debug|Any CPU
		{CC5BF9F6-26D5-4699-AC0E-69659D63114A}.Release|Any CPU.ActiveCfg = Release|Any CPU
		{CC5BF9F6-26D5-4699-AC0E-69659D63114A}.Release|Any CPU.Build.0 = Release|Any CPU
	EndGlobalSection
	GlobalSection(SolutionProperties) = preSolution
		HideSolutionNode = FALSE
	EndGlobalSection
	GlobalSection(ExtensibilityGlobals) = postSolution
		SolutionGuid = {EB2C973E-A014-425A-8BDA-297FE1675F54}
	EndGlobalSection
EndGlobal
