
Microsoft Visual Studio Solution File, Format Version 12.00
# Visual Studio Version 17
VisualStudioVersion = 17.1.32210.238
MinimumVisualStudioVersion = 10.0.40219.1
Project("{FAE04EC0-301F-11D3-BF4B-00C04F79EFBC}") = "Proto-Tentti", "Proto-Tentti\Proto-Tentti.csproj", "{D78A176C-B902-4EC9-9746-517A2E0D36DF}"
EndProject
Global
	GlobalSection(SolutionConfigurationPlatforms) = preSolution
		Debug|Any CPU = Debug|Any CPU
		Release|Any CPU = Release|Any CPU
	EndGlobalSection
	GlobalSection(ProjectConfigurationPlatforms) = postSolution
		{D78A176C-B902-4EC9-9746-517A2E0D36DF}.Debug|Any CPU.ActiveCfg = Debug|Any CPU
		{D78A176C-B902-4EC9-9746-517A2E0D36DF}.Debug|Any CPU.Build.0 = Debug|Any CPU
		{D78A176C-B902-4EC9-9746-517A2E0D36DF}.Release|Any CPU.ActiveCfg = Release|Any CPU
		{D78A176C-B902-4EC9-9746-517A2E0D36DF}.Release|Any CPU.Build.0 = Release|Any CPU
	EndGlobalSection
	GlobalSection(SolutionProperties) = preSolution
		HideSolutionNode = FALSE
	EndGlobalSection
	GlobalSection(ExtensibilityGlobals) = postSolution
		SolutionGuid = {245F0328-4FEA-43DD-AB0C-76BC50A76DA7}
	EndGlobalSection
EndGlobal
